
Microsoft Visual Studio Solution File, Format Version 12.00
# Visual Studio Version 16
VisualStudioVersion = 16.0.31729.503
MinimumVisualStudioVersion = 10.0.40219.1
Project("{FAE04EC0-301F-11D3-BF4B-00C04F79EFBC}") = "FirstLessonProgramming", "FirstLessonProgramming\FirstLessonProgramming.csproj", "{4F2D60E6-899D-4E33-99C2-A2A8CEB6E1BA}"
EndProject
Global
	GlobalSection(SolutionConfigurationPlatforms) = preSolution
		Debug|Any CPU = Debug|Any CPU
		Release|Any CPU = Release|Any CPU
	EndGlobalSection
	GlobalSection(ProjectConfigurationPlatforms) = postSolution
		{4F2D60E6-899D-4E33-99C2-A2A8CEB6E1BA}.Debug|Any CPU.ActiveCfg = Debug|Any CPU
		{4F2D60E6-899D-4E33-99C2-A2A8CEB6E1BA}.Debug|Any CPU.Build.0 = Debug|Any CPU
		{4F2D60E6-899D-4E33-99C2-A2A8CEB6E1BA}.Release|Any CPU.ActiveCfg = Release|Any CPU
		{4F2D60E6-899D-4E33-99C2-A2A8CEB6E1BA}.Release|Any CPU.Build.0 = Release|Any CPU
	EndGlobalSection
	GlobalSection(SolutionProperties) = preSolution
		HideSolutionNode = FALSE
	EndGlobalSection
	GlobalSection(ExtensibilityGlobals) = postSolution
		SolutionGuid = {B969646E-9D1F-43FF-AACF-269029985568}
	EndGlobalSection
EndGlobal
